
Microsoft Visual Studio Solution File, Format Version 12.00
# Visual Studio Version 16
VisualStudioVersion = 16.0.33130.400
MinimumVisualStudioVersion = 10.0.40219.1
Project("{FAE04EC0-301F-11D3-BF4B-00C04F79EFBC}") = "PrivateFolder.Sibi", "PrivateFolder.Sibi\PrivateFolder.Sibi.csproj", "{DDE7C870-D2AA-4C0C-A4E5-0CC42366ACDB}"
EndProject
Global
	GlobalSection(SolutionConfigurationPlatforms) = preSolution
		Debug|Any CPU = Debug|Any CPU
		Release|Any CPU = Release|Any CPU
	EndGlobalSection
	GlobalSection(ProjectConfigurationPlatforms) = postSolution
		{DDE7C870-D2AA-4C0C-A4E5-0CC42366ACDB}.Debug|Any CPU.ActiveCfg = Debug|Any CPU
		{DDE7C870-D2AA-4C0C-A4E5-0CC42366ACDB}.Debug|Any CPU.Build.0 = Debug|Any CPU
		{DDE7C870-D2AA-4C0C-A4E5-0CC42366ACDB}.Release|Any CPU.ActiveCfg = Release|Any CPU
		{DDE7C870-D2AA-4C0C-A4E5-0CC42366ACDB}.Release|Any CPU.Build.0 = Release|Any CPU
	EndGlobalSection
	GlobalSection(SolutionProperties) = preSolution
		HideSolutionNode = FALSE
	EndGlobalSection
	GlobalSection(ExtensibilityGlobals) = postSolution
		SolutionGuid = {C25F977A-47E2-469F-9385-530F5AAC8A6D}
	EndGlobalSection
EndGlobal
